
Microsoft Visual Studio Solution File, Format Version 12.00
# Visual Studio Version 17
VisualStudioVersion = 17.13.35931.197 d17.13
MinimumVisualStudioVersion = 10.0.40219.1
Project("{FAE04EC0-301F-11D3-BF4B-00C04F79EFBC}") = "WKa3innuvaGetTokenSample", "WKa3innuvaGetTokenSample\WKa3innuvaGetTokenSample.csproj", "{CB0F8343-0F4D-4848-8796-59C6D87FD84B}"
EndProject
Global
	GlobalSection(SolutionConfigurationPlatforms) = preSolution
		Debug|Any CPU = Debug|Any CPU
		Release|Any CPU = Release|Any CPU
	EndGlobalSection
	GlobalSection(ProjectConfigurationPlatforms) = postSolution
		{CB0F8343-0F4D-4848-8796-59C6D87FD84B}.Debug|Any CPU.ActiveCfg = Debug|Any CPU
		{CB0F8343-0F4D-4848-8796-59C6D87FD84B}.Debug|Any CPU.Build.0 = Debug|Any CPU
		{CB0F8343-0F4D-4848-8796-59C6D87FD84B}.Release|Any CPU.ActiveCfg = Release|Any CPU
		{CB0F8343-0F4D-4848-8796-59C6D87FD84B}.Release|Any CPU.Build.0 = Release|Any CPU
	EndGlobalSection
	GlobalSection(SolutionProperties) = preSolution
		HideSolutionNode = FALSE
	EndGlobalSection
	GlobalSection(ExtensibilityGlobals) = postSolution
		SolutionGuid = {954E453A-206C-4E50-98D4-5C6C14E9B42A}
	EndGlobalSection
EndGlobal
